
Microsoft Visual Studio Solution File, Format Version 12.00
# Visual Studio Version 17
VisualStudioVersion = 17.6.33712.159
MinimumVisualStudioVersion = 10.0.40219.1
Project("{81BE5007-4CAB-4670-AEEB-3DA6572B9D12}") = "Autofill", "Autofill.hiveproj", "{01AEE937-A7B1-41F0-9E77-912DBA4C29A5}"
EndProject
Global
	GlobalSection(SolutionConfigurationPlatforms) = preSolution
		Debug|Any CPU = Debug|Any CPU
		Release|Any CPU = Release|Any CPU
	EndGlobalSection
	GlobalSection(ProjectConfigurationPlatforms) = postSolution
		{01AEE937-A7B1-41F0-9E77-912DBA4C29A5}.Debug|Any CPU.ActiveCfg = Debug|Any CPU
		{01AEE937-A7B1-41F0-9E77-912DBA4C29A5}.Debug|Any CPU.Build.0 = Debug|Any CPU
		{01AEE937-A7B1-41F0-9E77-912DBA4C29A5}.Release|Any CPU.ActiveCfg = Release|Any CPU
		{01AEE937-A7B1-41F0-9E77-912DBA4C29A5}.Release|Any CPU.Build.0 = Release|Any CPU
	EndGlobalSection
	GlobalSection(SolutionProperties) = preSolution
		HideSolutionNode = FALSE
	EndGlobalSection
	GlobalSection(ExtensibilityGlobals) = postSolution
		SolutionGuid = {DC5AB160-ED36-4FA4-A04F-C734F61266D2}
	EndGlobalSection
EndGlobal
